// !$*UTF8*$!
{
	archiveVersion = 1;
	classes = {
	};
	objectVersion = 77;
	objects = {

/* Begin PBXContainerItemProxy section */
		2951D62D2F00F098004CCA05 /* PBXContainerItemProxy */ = {
			isa = PBXContainerItemProxy;
			containerPortal = 2951D6172F00F097004CCA05 /* Project object */;
			proxyType = 1;
			remoteGlobalIDString = 2951D61E2F00F097004CCA05;
			remoteInfo = "Sticky Bar";
		};
		2951D6372F00F098004CCA05 /* PBXContainerItemProxy */ = {
			isa = PBXContainerItemProxy;
			containerPortal = 2951D6172F00F097004CCA05 /* Project object */;
			proxyType = 1;
			remoteGlobalIDString = 2951D61E2F00F097004CCA05;
			remoteInfo = "Sticky Bar";
		};
/* End PBXContainerItemProxy section */

/* Begin PBXFileReference section */
		2951D61F2F00F097004CCA05 /* Sticky Bar.app */ = {isa = PBXFileReference; explicitFileType = wrapper.application; includeInIndex = 0; path = "Sticky Bar.app"; sourceTree = BUILT_PRODUCTS_DIR; };
		2951D62C2F00F098004CCA05 /* Sticky BarTests.xctest */ = {isa = PBXFileReference; explicitFileType = wrapper.cfbundle; includeInIndex = 0; path = "Sticky BarTests.xctest"; sourceTree = BUILT_PRODUCTS_DIR; };
		2951D6362F00F098004CCA05 /* Sticky BarUITests.xctest */ = {isa = PBXFileReference; explicitFileType = wrapper.cfbundle; includeInIndex = 0; path = "Sticky BarUITests.xctest"; sourceTree = BUILT_PRODUCTS_DIR; };
/* End PBXFileReference section */

/* Begin PBXFileSystemSynchronizedRootGroup section */
		2951D6212F00F097004CCA05 /* Sticky Bar */ = {
			isa = PBXFileSystemSynchronizedRootGroup;
			path = "Sticky Bar";
			sourceTree = "<group>";
		};
		2951D62F2F00F098004CCA05 /* Sticky BarTests */ = {
			isa = PBXFileSystemSynchronizedRootGroup;
			path = "Sticky BarTests";
			sourceTree = "<group>";
		};
		2951D6392F00F098004CCA05 /* Sticky BarUITests */ = {
			isa = PBXFileSystemSynchronizedRootGroup;
			path = "Sticky BarUITests";
			sourceTree = "<group>";
		};
/* End PBXFileSystemSynchronizedRootGroup section */

/* Begin PBXFrameworksBuildPhase section */
		2951D61C2F00F097004CCA05 /* Frameworks */ = {
			isa = PBXFrameworksBuildPhase;
			buildActionMask = 2147483647;
			files = (
			);
			runOnlyForDeploymentPostprocessing = 0;
		};
		2951D6292F00F098004CCA05 /* Frameworks */ = {
			isa = PBXFrameworksBuildPhase;
			buildActionMask = 2147483647;
			files = (
			);
			runOnlyForDeploymentPostprocessing = 0;
		};
		2951D6332F00F098004CCA05 /* Frameworks */ = {
			isa = PBXFrameworksBuildPhase;
			buildActionMask = 2147483647;
			files = (
			);
			runOnlyForDeploymentPostprocessing = 0;
		};
/* End PBXFrameworksBuildPhase section */

/* Begin PBXGroup section */
		2951D6162F00F097004CCA05 = {
			isa = PBXGroup;
			children = (
				2951D6212F00F097004CCA05 /* Sticky Bar */,
				2951D62F2F00F098004CCA05 /* Sticky BarTests */,
				2951D6392F00F098004CCA05 /* Sticky BarUITests */,
				2951D6202F00F097004CCA05 /* Products */,
			);
			sourceTree = "<group>";
		};
		2951D6202F00F097004CCA05 /* Products */ = {
			isa = PBXGroup;
			children = (
				2951D61F2F00F097004CCA05 /* Sticky Bar.app */,
				2951D62C2F00F098004CCA05 /* Sticky BarTests.xctest */,
				2951D6362F00F098004CCA05 /* Sticky BarUITests.xctest */,
			);
			name = Products;
			sourceTree = "<group>";
		};
/* End PBXGroup section */

/* Begin PBXNativeTarget section */
		2951D61E2F00F097004CCA05 /* Sticky Bar */ = {
			isa = PBXNativeTarget;
			buildConfigurationList = 2951D6402F00F098004CCA05 /* Build configuration list for PBXNativeTarget "Sticky Bar" */;
			buildPhases = (
				2951D61B2F00F097004CCA05 /* Sources */,
				2951D61C2F00F097004CCA05 /* Frameworks */,
				2951D61D2F00F097004CCA05 /* Resources */,
			);
			buildRules = (
			);
			dependencies = (
			);
			fileSystemSynchronizedGroups = (
				2951D6212F00F097004CCA05 /* Sticky Bar */,
			);
			name = "Sticky Bar";
			packageProductDependencies = (
			);
			productName = "Sticky Bar";
			productReference = 2951D61F2F00F097004CCA05 /* Sticky Bar.app */;
			productType = "com.apple.product-type.application";
		};
		2951D62B2F00F098004CCA05 /* Sticky BarTests */ = {
			isa = PBXNativeTarget;
			buildConfigurationList = 2951D6432F00F098004CCA05 /* Build configuration list for PBXNativeTarget "Sticky BarTests" */;
			buildPhases = (
				2951D6282F00F098004CCA05 /* Sources */,
				2951D6292F00F098004CCA05 /* Frameworks */,
				2951D62A2F00F098004CCA05 /* Resources */,
			);
			buildRules = (
			);
			dependencies = (
				2951D62E2F00F098004CCA05 /* PBXTargetDependency */,
			);
			fileSystemSynchronizedGroups = (
				2951D62F2F00F098004CCA05 /* Sticky BarTests */,
			);
			name = "Sticky BarTests";
			packageProductDependencies = (
			);
			productName = "Sticky BarTests";
			productReference = 2951D62C2F00F098004CCA05 /* Sticky BarTests.xctest */;
			productType = "com.apple.product-type.bundle.unit-test";
		};
		2951D6352F00F098004CCA05 /* Sticky BarUITests */ = {
			isa = PBXNativeTarget;
			buildConfigurationList = 2951D6462F00F098004CCA05 /* Build configuration list for PBXNativeTarget "Sticky BarUITests" */;
			buildPhases = (
				2951D6322F00F098004CCA05 /* Sources */,
				2951D6332F00F098004CCA05 /* Frameworks */,
				2951D6342F00F098004CCA05 /* Resources */,
			);
			buildRules = (
			);
			dependencies = (
				2951D6382F00F098004CCA05 /* PBXTargetDependency */,
			);
			fileSystemSynchronizedGroups = (
				2951D6392F00F098004CCA05 /* Sticky BarUITests */,
			);
			name = "Sticky BarUITests";
			packageProductDependencies = (
			);
			productName = "Sticky BarUITests";
			productReference = 2951D6362F00F098004CCA05 /* Sticky BarUITests.xctest */;
			productType = "com.apple.product-type.bundle.ui-testing";
		};
/* End PBXNativeTarget section */

/* Begin PBXProject section */
		2951D6172F00F097004CCA05 /* Project object */ = {
			isa = PBXProject;
			attributes = {
				BuildIndependentTargetsInParallel = 1;
				LastSwiftUpdateCheck = 2600;
				LastUpgradeCheck = 2600;
				TargetAttributes = {
					2951D61E2F00F097004CCA05 = {
						CreatedOnToolsVersion = 26.0;
					};
					2951D62B2F00F098004CCA05 = {
						CreatedOnToolsVersion = 26.0;
						TestTargetID = 2951D61E2F00F097004CCA05;
					};
					2951D6352F00F098004CCA05 = {
						CreatedOnToolsVersion = 26.0;
						TestTargetID = 2951D61E2F00F097004CCA05;
					};
				};
			};
			buildConfigurationList = 2951D61A2F00F097004CCA05 /* Build configuration list for PBXProject "Sticky Bar" */;
			developmentRegion = en;
			hasScannedForEncodings = 0;
			knownRegions = (
				en,
				Base,
			);
			mainGroup = 2951D6162F00F097004CCA05;
			minimizedProjectReferenceProxies = 1;
			preferredProjectObjectVersion = 77;
			productRefGroup = 2951D6202F00F097004CCA05 /* Products */;
			projectDirPath = "";
			projectRoot = "";
			targets = (
				2951D61E2F00F097004CCA05 /* Sticky Bar */,
				2951D62B2F00F098004CCA05 /* Sticky BarTests */,
				2951D6352F00F098004CCA05 /* Sticky BarUITests */,
			);
		};
/* End PBXProject section */

/* Begin PBXResourcesBuildPhase section */
		2951D61D2F00F097004CCA05 /* Resources */ = {
			isa = PBXResourcesBuildPhase;
			buildActionMask = 2147483647;
			files = (
			);
			runOnlyForDeploymentPostprocessing = 0;
		};
		2951D62A2F00F098004CCA05 /* Resources */ = {
			isa = PBXResourcesBuildPhase;
			buildActionMask = 2147483647;
			files = (
			);
			runOnlyForDeploymentPostprocessing = 0;
		};
		2951D6342F00F098004CCA05 /* Resources */ = {
			isa = PBXResourcesBuildPhase;
			buildActionMask = 2147483647;
			files = (
			);
			runOnlyForDeploymentPostprocessing = 0;
		};
/* End PBXResourcesBuildPhase section */

/* Begin PBXSourcesBuildPhase section */
		2951D61B2F00F097004CCA05 /* Sources */ = {
			isa = PBXSourcesBuildPhase;
			buildActionMask = 2147483647;
			files = (
			);
			runOnlyForDeploymentPostprocessing = 0;
		};
		2951D6282F00F098004CCA05 /* Sources */ = {
			isa = PBXSourcesBuildPhase;
			buildActionMask = 2147483647;
			files = (
			);
			runOnlyForDeploymentPostprocessing = 0;
		};
		2951D6322F00F098004CCA05 /* Sources */ = {
			isa = PBXSourcesBuildPhase;
			buildActionMask = 2147483647;
			files = (
			);
			runOnlyForDeploymentPostprocessing = 0;
		};
/* End PBXSourcesBuildPhase section */

/* Begin PBXTargetDependency section */
		2951D62E2F00F098004CCA05 /* PBXTargetDependency */ = {
			isa = PBXTargetDependency;
			target = 2951D61E2F00F097004CCA05 /* Sticky Bar */;
			targetProxy = 2951D62D2F00F098004CCA05 /* PBXContainerItemProxy */;
		};
		2951D6382F00F098004CCA05 /* PBXTargetDependency */ = {
			isa = PBXTargetDependency;
			target = 2951D61E2F00F097004CCA05 /* Sticky Bar */;
			targetProxy = 2951D6372F00F098004CCA05 /* PBXContainerItemProxy */;
		};
/* End PBXTargetDependency section */

/* Begin XCBuildConfiguration section */
		2951D63E2F00F098004CCA05 /* Debug */ = {
			isa = XCBuildConfiguration;
			buildSettings = {
				ALWAYS_SEARCH_USER_PATHS = NO;
				ASSETCATALOG_COMPILER_GENERATE_SWIFT_ASSET_SYMBOL_EXTENSIONS = YES;
				CLANG_ANALYZER_NONNULL = YES;
				CLANG_ANALYZER_NUMBER_OBJECT_CONVERSION = YES_AGGRESSIVE;
				CLANG_CXX_LANGUAGE_STANDARD = "gnu++20";
				CLANG_ENABLE_MODULES = YES;
				CLANG_ENABLE_OBJC_ARC = YES;
				CLANG_ENABLE_OBJC_WEAK = YES;
				CLANG_WARN_BLOCK_CAPTURE_AUTORELEASING = YES;
				CLANG_WARN_BOOL_CONVERSION = YES;
				CLANG_WARN_COMMA = YES;
				CLANG_WARN_CONSTANT_CONVERSION = YES;
				CLANG_WARN_DEPRECATED_OBJC_IMPLEMENTATIONS = YES;
				CLANG_WARN_DIRECT_OBJC_ISA_USAGE = YES_ERROR;
				CLANG_WARN_DOCUMENTATION_COMMENTS = YES;
				CLANG_WARN_EMPTY_BODY = YES;
				CLANG_WARN_ENUM_CONVERSION = YES;
				CLANG_WARN_INFINITE_RECURSION = YES;
				CLANG_WARN_INT_CONVERSION = YES;
				CLANG_WARN_NON_LITERAL_NULL_CONVERSION = YES;
				CLANG_WARN_OBJC_IMPLICIT_RETAIN_SELF = YES;
				CLANG_WARN_OBJC_LITERAL_CONVERSION = YES;
				CLANG_WARN_OBJC_ROOT_CLASS = YES_ERROR;
				CLANG_WARN_QUOTED_INCLUDE_IN_FRAMEWORK_HEADER = YES;
				CLANG_WARN_RANGE_LOOP_ANALYSIS = YES;
				CLANG_WARN_STRICT_PROTOTYPES = YES;
				CLANG_WARN_SUSPICIOUS_MOVE = YES;
				CLANG_WARN_UNGUARDED_AVAILABILITY = YES_AGGRESSIVE;
				CLANG_WARN_UNREACHABLE_CODE = YES;
				CLANG_WARN__DUPLICATE_METHOD_MATCH = YES;
				COPY_PHASE_STRIP = NO;
				DEBUG_INFORMATION_FORMAT = dwarf;
				ENABLE_STRICT_OBJC_MSGSEND = YES;
				ENABLE_TESTABILITY = YES;
				ENABLE_USER_SCRIPT_SANDBOXING = YES;
				GCC_C_LANGUAGE_STANDARD = gnu17;
				GCC_DYNAMIC_NO_PIC = NO;
				GCC_NO_COMMON_BLOCKS = YES;
				GCC_OPTIMIZATION_LEVEL = 0;
				GCC_PREPROCESSOR_DEFINITIONS = (
					"DEBUG=1",
					"$(inherited)",
				);
				GCC_WARN_64_TO_32_BIT_CONVERSION = YES;
				GCC_WARN_ABOUT_RETURN_TYPE = YES_ERROR;
				GCC_WARN_UNDECLARED_SELECTOR = YES;
				GCC_WARN_UNINITIALIZED_AUTOS = YES_AGGRESSIVE;
				GCC_WARN_UNUSED_FUNCTION = YES;
				GCC_WARN_UNUSED_VARIABLE = YES;
				LOCALIZATION_PREFERS_STRING_CATALOGS = YES;
				MACOSX_DEPLOYMENT_TARGET = 26.0;
				MTL_ENABLE_DEBUG_INFO = INCLUDE_SOURCE;
				MTL_FAST_MATH = YES;
				ONLY_ACTIVE_ARCH = YES;
				SDKROOT = macosx;
				SWIFT_ACTIVE_COMPILATION_CONDITIONS = "DEBUG $(inherited)";
				SWIFT_OPTIMIZATION_LEVEL = "-Onone";
			};
			name = Debug;
		};
		2951D63F2F00F098004CCA05 /* Release */ = {
			isa = XCBuildConfiguration;
			buildSettings = {
				ALWAYS_SEARCH_USER_PATHS = NO;
				ASSETCATALOG_COMPILER_GENERATE_SWIFT_ASSET_SYMBOL_EXTENSIONS = YES;
				CLANG_ANALYZER_NONNULL = YES;
				CLANG_ANALYZER_NUMBER_OBJECT_CONVERSION = YES_AGGRESSIVE;
				CLANG_CXX_LANGUAGE_STANDARD = "gnu++20";
				CLANG_ENABLE_MODULES = YES;
				CLANG_ENABLE_OBJC_ARC = YES;
				CLANG_ENABLE_OBJC_WEAK = YES;
				CLANG_WARN_BLOCK_CAPTURE_AUTORELEASING = YES;
				CLANG_WARN_BOOL_CONVERSION = YES;
				CLANG_WARN_COMMA = YES;
				CLANG_WARN_CONSTANT_CONVERSION = YES;
				CLANG_WARN_DEPRECATED_OBJC_IMPLEMENTATIONS = YES;
				CLANG_WARN_DIRECT_OBJC_ISA_USAGE = YES_ERROR;
				CLANG_WARN_DOCUMENTATION_COMMENTS = YES;
				CLANG_WARN_EMPTY_BODY = YES;
				CLANG_WARN_ENUM_CONVERSION = YES;
				CLANG_WARN_INFINITE_RECURSION = YES;
				CLANG_WARN_INT_CONVERSION = YES;
				CLANG_WARN_NON_LITERAL_NULL_CONVERSION = YES;
				CLANG_WARN_OBJC_IMPLICIT_RETAIN_SELF = YES;
				CLANG_WARN_OBJC_LITERAL_CONVERSION = YES;
				CLANG_WARN_OBJC_ROOT_CLASS = YES_ERROR;
				CLANG_WARN_QUOTED_INCLUDE_IN_FRAMEWORK_HEADER = YES;
				CLANG_WARN_RANGE_LOOP_ANALYSIS = YES;
				CLANG_WARN_STRICT_PROTOTYPES = YES;
				CLANG_WARN_SUSPICIOUS_MOVE = YES;
				CLANG_WARN_UNGUARDED_AVAILABILITY = YES_AGGRESSIVE;
				CLANG_WARN_UNREACHABLE_CODE = YES;
				CLANG_WARN__DUPLICATE_METHOD_MATCH = YES;
				COPY_PHASE_STRIP = NO;
				DEBUG_INFORMATION_FORMAT = "dwarf-with-dsym";
				ENABLE_NS_ASSERTIONS = NO;
				ENABLE_STRICT_OBJC_MSGSEND = YES;
				ENABLE_USER_SCRIPT_SANDBOXING = YES;
				GCC_C_LANGUAGE_STANDARD = gnu17;
				GCC_NO_COMMON_BLOCKS = YES;
				GCC_WARN_64_TO_32_BIT_CONVERSION = YES;
				GCC_WARN_ABOUT_RETURN_TYPE = YES_ERROR;
				GCC_WARN_UNDECLARED_SELECTOR = YES;
				GCC_WARN_UNINITIALIZED_AUTOS = YES_AGGRESSIVE;
				GCC_WARN_UNUSED_FUNCTION = YES;
				GCC_WARN_UNUSED_VARIABLE = YES;
				LOCALIZATION_PREFERS_STRING_CATALOGS = YES;
				MACOSX_DEPLOYMENT_TARGET = 26.0;
				MTL_ENABLE_DEBUG_INFO = NO;
				MTL_FAST_MATH = YES;
				SDKROOT = macosx;
				SWIFT_COMPILATION_MODE = wholemodule;
			};
			name = Release;
		};
		2951D6412F00F098004CCA05 /* Debug */ = {
			isa = XCBuildConfiguration;
			buildSettings = {
				ASSETCATALOG_COMPILER_APPICON_NAME = AppIcon;
				ASSETCATALOG_COMPILER_GLOBAL_ACCENT_COLOR_NAME = AccentColor;
				CODE_SIGN_STYLE = Automatic;
				COMBINE_HIDPI_IMAGES = YES;
				CURRENT_PROJECT_VERSION = 1;
				ENABLE_APP_SANDBOX = YES;
				ENABLE_PREVIEWS = YES;
				ENABLE_USER_SELECTED_FILES = readonly;
				GENERATE_INFOPLIST_FILE = YES;
				INFOPLIST_KEY_NSHumanReadableCopyright = "";
				LD_RUNPATH_SEARCH_PATHS = (
					"$(inherited)",
					"@executable_path/../Frameworks",
				);
				MARKETING_VERSION = 1.0;
				PRODUCT_BUNDLE_IDENTIFIER = "com.jwong2529.Sticky-Bar";
				PRODUCT_NAME = "$(TARGET_NAME)";
				REGISTER_APP_GROUPS = YES;
				STRING_CATALOG_GENERATE_SYMBOLS = YES;
				SWIFT_APPROACHABLE_CONCURRENCY = YES;
				SWIFT_DEFAULT_ACTOR_ISOLATION = MainActor;
				SWIFT_EMIT_LOC_STRINGS = YES;
				SWIFT_UPCOMING_FEATURE_MEMBER_IMPORT_VISIBILITY = YES;
				SWIFT_VERSION = 5.0;
			};
			name = Debug;
		};
		2951D6422F00F098004CCA05 /* Release */ = {
			isa = XCBuildConfiguration;
			buildSettings = {
				ASSETCATALOG_COMPILER_APPICON_NAME = AppIcon;
				ASSETCATALOG_COMPILER_GLOBAL_ACCENT_COLOR_NAME = AccentColor;
				CODE_SIGN_STYLE = Automatic;
				COMBINE_HIDPI_IMAGES = YES;
				CURRENT_PROJECT_VERSION = 1;
				ENABLE_APP_SANDBOX = YES;
				ENABLE_PREVIEWS = YES;
				ENABLE_USER_SELECTED_FILES = readonly;
				GENERATE_INFOPLIST_FILE = YES;
				INFOPLIST_KEY_NSHumanReadableCopyright = "";
				LD_RUNPATH_SEARCH_PATHS = (
					"$(inherited)",
					"@executable_path/../Frameworks",
				);
				MARKETING_VERSION = 1.0;
				PRODUCT_BUNDLE_IDENTIFIER = "com.jwong2529.Sticky-Bar";
				PRODUCT_NAME = "$(TARGET_NAME)";
				REGISTER_APP_GROUPS = YES;
				STRING_CATALOG_GENERATE_SYMBOLS = YES;
				SWIFT_APPROACHABLE_CONCURRENCY = YES;
				SWIFT_DEFAULT_ACTOR_ISOLATION = MainActor;
				SWIFT_EMIT_LOC_STRINGS = YES;
				SWIFT_UPCOMING_FEATURE_MEMBER_IMPORT_VISIBILITY = YES;
				SWIFT_VERSION = 5.0;
			};
			name = Release;
		};
		2951D6442F00F098004CCA05 /* Debug */ = {
			isa = XCBuildConfiguration;
			buildSettings = {
				BUNDLE_LOADER = "$(TEST_HOST)";
				CODE_SIGN_STYLE = Automatic;
				CURRENT_PROJECT_VERSION = 1;
				GENERATE_INFOPLIST_FILE = YES;
				MACOSX_DEPLOYMENT_TARGET = 26.0;
				MARKETING_VERSION = 1.0;
				PRODUCT_BUNDLE_IDENTIFIER = "com.jwong2529.Sticky-BarTests";
				PRODUCT_NAME = "$(TARGET_NAME)";
				STRING_CATALOG_GENERATE_SYMBOLS = NO;
				SWIFT_APPROACHABLE_CONCURRENCY = YES;
				SWIFT_EMIT_LOC_STRINGS = NO;
				SWIFT_UPCOMING_FEATURE_MEMBER_IMPORT_VISIBILITY = YES;
				SWIFT_VERSION = 5.0;
				TEST_HOST = "$(BUILT_PRODUCTS_DIR)/Sticky Bar.app/$(BUNDLE_EXECUTABLE_FOLDER_PATH)/Sticky Bar";
			};
			name = Debug;
		};
		2951D6452F00F098004CCA05 /* Release */ = {
			isa = XCBuildConfiguration;
			buildSettings = {
				BUNDLE_LOADER = "$(TEST_HOST)";
				CODE_SIGN_STYLE = Automatic;
				CURRENT_PROJECT_VERSION = 1;
				GENERATE_INFOPLIST_FILE = YES;
				MACOSX_DEPLOYMENT_TARGET = 26.0;
				MARKETING_VERSION = 1.0;
				PRODUCT_BUNDLE_IDENTIFIER = "com.jwong2529.Sticky-BarTests";
				PRODUCT_NAME = "$(TARGET_NAME)";
				STRING_CATALOG_GENERATE_SYMBOLS = NO;
				SWIFT_APPROACHABLE_CONCURRENCY = YES;
				SWIFT_EMIT_LOC_STRINGS = NO;
				SWIFT_UPCOMING_FEATURE_MEMBER_IMPORT_VISIBILITY = YES;
				SWIFT_VERSION = 5.0;
				TEST_HOST = "$(BUILT_PRODUCTS_DIR)/Sticky Bar.app/$(BUNDLE_EXECUTABLE_FOLDER_PATH)/Sticky Bar";
			};
			name = Release;
		};
		2951D6472F00F098004CCA05 /* Debug */ = {
			isa = XCBuildConfiguration;
			buildSettings = {
				CODE_SIGN_STYLE = Automatic;
				CURRENT_PROJECT_VERSION = 1;
				GENERATE_INFOPLIST_FILE = YES;
				MARKETING_VERSION = 1.0;
				PRODUCT_BUNDLE_IDENTIFIER = "com.jwong2529.Sticky-BarUITests";
				PRODUCT_NAME = "$(TARGET_NAME)";
				STRING_CATALOG_GENERATE_SYMBOLS = NO;
				SWIFT_APPROACHABLE_CONCURRENCY = YES;
				SWIFT_EMIT_LOC_STRINGS = NO;
				SWIFT_UPCOMING_FEATURE_MEMBER_IMPORT_VISIBILITY = YES;
				SWIFT_VERSION = 5.0;
				TEST_TARGET_NAME = "Sticky Bar";
			};
			name = Debug;
		};
		2951D6482F00F098004CCA05 /* Release */ = {
			isa = XCBuildConfiguration;
			buildSettings = {
				CODE_SIGN_STYLE = Automatic;
				CURRENT_PROJECT_VERSION = 1;
				GENERATE_INFOPLIST_FILE = YES;
				MARKETING_VERSION = 1.0;
				PRODUCT_BUNDLE_IDENTIFIER = "com.jwong2529.Sticky-BarUITests";
				PRODUCT_NAME = "$(TARGET_NAME)";
				STRING_CATALOG_GENERATE_SYMBOLS = NO;
				SWIFT_APPROACHABLE_CONCURRENCY = YES;
				SWIFT_EMIT_LOC_STRINGS = NO;
				SWIFT_UPCOMING_FEATURE_MEMBER_IMPORT_VISIBILITY = YES;
				SWIFT_VERSION = 5.0;
				TEST_TARGET_NAME = "Sticky Bar";
			};
			name = Release;
		};
/* End XCBuildConfiguration section */

/* Begin XCConfigurationList section */
		2951D61A2F00F097004CCA05 /* Build configuration list for PBXProject "Sticky Bar" */ = {
			isa = XCConfigurationList;
			buildConfigurations = (
				2951D63E2F00F098004CCA05 /* Debug */,
				2951D63F2F00F098004CCA05 /* Release */,
			);
			defaultConfigurationIsVisible = 0;
			defaultConfigurationName = Release;
		};
		2951D6402F00F098004CCA05 /* Build configuration list for PBXNativeTarget "Sticky Bar" */ = {
			isa = XCConfigurationList;
			buildConfigurations = (
				2951D6412F00F098004CCA05 /* Debug */,
				2951D6422F00F098004CCA05 /* Release */,
			);
			defaultConfigurationIsVisible = 0;
			defaultConfigurationName = Release;
		};
		2951D6432F00F098004CCA05 /* Build configuration list for PBXNativeTarget "Sticky BarTests" */ = {
			isa = XCConfigurationList;
			buildConfigurations = (
				2951D6442F00F098004CCA05 /* Debug */,
				2951D6452F00F098004CCA05 /* Release */,
			);
			defaultConfigurationIsVisible = 0;
			defaultConfigurationName = Release;
		};
		2951D6462F00F098004CCA05 /* Build configuration list for PBXNativeTarget "Sticky BarUITests" */ = {
			isa = XCConfigurationList;
			buildConfigurations = (
				2951D6472F00F098004CCA05 /* Debug */,
				2951D6482F00F098004CCA05 /* Release */,
			);
			defaultConfigurationIsVisible = 0;
			defaultConfigurationName = Release;
		};
/* End XCConfigurationList section */
	};
	rootObject = 2951D6172F00F097004CCA05 /* Project object */;
}
